
Microsoft Visual Studio Solution File, Format Version 11.00
# Visual Studio 2010
Project("{FAE04EC0-301F-11D3-BF4B-00C04F79EFBC}") = "Assembly-CSharp", "Assembly-CSharp.csproj", "{c3d24e75-5a8a-b16c-8b2a-0fe73ee99120}"
EndProject
Project("{FAE04EC0-301F-11D3-BF4B-00C04F79EFBC}") = "AYellowpaper.SerializedCollections", "AYellowpaper.SerializedCollections.csproj", "{2fcaae4c-3fb8-0c51-920a-b53c5d207a42}"
EndProject
Project("{FAE04EC0-301F-11D3-BF4B-00C04F79EFBC}") = "Assembly-CSharp-firstpass", "Assembly-CSharp-firstpass.csproj", "{97087174-10c4-d50f-d0df-11c0be9af0df}"
EndProject
Project("{FAE04EC0-301F-11D3-BF4B-00C04F79EFBC}") = "AYellowpaper.SerializedCollections.Editor", "AYellowpaper.SerializedCollections.Editor.csproj", "{2e0d61cb-db84-f06a-09e5-c533ace3496a}"
EndProject
Global
	GlobalSection(SolutionConfigurationPlatforms) = preSolution
		Debug|Any CPU = Debug|Any CPU
	EndGlobalSection
	GlobalSection(ProjectConfigurationPlatforms) = postSolution
		{c3d24e75-5a8a-b16c-8b2a-0fe73ee99120}.Debug|Any CPU.ActiveCfg = Debug|Any CPU
		{c3d24e75-5a8a-b16c-8b2a-0fe73ee99120}.Debug|Any CPU.Build.0 = Debug|Any CPU
		{2fcaae4c-3fb8-0c51-920a-b53c5d207a42}.Debug|Any CPU.ActiveCfg = Debug|Any CPU
		{2fcaae4c-3fb8-0c51-920a-b53c5d207a42}.Debug|Any CPU.Build.0 = Debug|Any CPU
		{97087174-10c4-d50f-d0df-11c0be9af0df}.Debug|Any CPU.ActiveCfg = Debug|Any CPU
		{97087174-10c4-d50f-d0df-11c0be9af0df}.Debug|Any CPU.Build.0 = Debug|Any CPU
		{2e0d61cb-db84-f06a-09e5-c533ace3496a}.Debug|Any CPU.ActiveCfg = Debug|Any CPU
		{2e0d61cb-db84-f06a-09e5-c533ace3496a}.Debug|Any CPU.Build.0 = Debug|Any CPU
	EndGlobalSection
	GlobalSection(SolutionProperties) = preSolution
		HideSolutionNode = FALSE
	EndGlobalSection
EndGlobal
